// !$*UTF8*$!
{
	archiveVersion = 1;
	classes = {
	};
	objectVersion = 46;
	objects = {

/* Begin PBXBuildFile section */
		8495A70B1DF6167800EC9B7C /* AppDelegate.swift in Sources */ = {isa = PBXBuildFile; fileRef = 8495A70A1DF6167800EC9B7C /* AppDelegate.swift */; };
		8495A70D1DF6167800EC9B7C /* ViewController.swift in Sources */ = {isa = PBXBuildFile; fileRef = 8495A70C1DF6167800EC9B7C /* ViewController.swift */; };
		8495A7101DF6167800EC9B7C /* Main.storyboard in Resources */ = {isa = PBXBuildFile; fileRef = 8495A70E1DF6167800EC9B7C /* Main.storyboard */; };
		8495A7121DF6167800EC9B7C /* Assets.xcassets in Resources */ = {isa = PBXBuildFile; fileRef = 8495A7111DF6167800EC9B7C /* Assets.xcassets */; };
		8495A7151DF6167800EC9B7C /* LaunchScreen.storyboard in Resources */ = {isa = PBXBuildFile; fileRef = 8495A7131DF6167800EC9B7C /* LaunchScreen.storyboard */; };
		8495A7201DF6167800EC9B7C /* HamburguesasTests.swift in Sources */ = {isa = PBXBuildFile; fileRef = 8495A71F1DF6167800EC9B7C /* HamburguesasTests.swift */; };
		8495A72B1DF6167800EC9B7C /* HamburguesasUITests.swift in Sources */ = {isa = PBXBuildFile; fileRef = 8495A72A1DF6167800EC9B7C /* HamburguesasUITests.swift */; };
		8495A7391DF6174A00EC9B7C /* Datos.swift in Sources */ = {isa = PBXBuildFile; fileRef = 8495A7381DF6174A00EC9B7C /* Datos.swift */; };
/* End PBXBuildFile section */

/* Begin PBXContainerItemProxy section */
		8495A71C1DF6167800EC9B7C /* PBXContainerItemProxy */ = {
			isa = PBXContainerItemProxy;
			containerPortal = 8495A6FF1DF6167800EC9B7C /* Project object */;
			proxyType = 1;
			remoteGlobalIDString = 8495A7061DF6167800EC9B7C;
			remoteInfo = Hamburguesas;
		};
		8495A7271DF6167800EC9B7C /* PBXContainerItemProxy */ = {
			isa = PBXContainerItemProxy;
			containerPortal = 8495A6FF1DF6167800EC9B7C /* Project object */;
			proxyType = 1;
			remoteGlobalIDString = 8495A7061DF6167800EC9B7C;
			remoteInfo = Hamburguesas;
		};
/* End PBXContainerItemProxy section */

/* Begin PBXFileReference section */
		8495A7071DF6167800EC9B7C /* Hamburguesas.app */ = {isa = PBXFileReference; explicitFileType = wrapper.application; includeInIndex = 0; path = Hamburguesas.app; sourceTree = BUILT_PRODUCTS_DIR; };
		8495A70A1DF6167800EC9B7C /* AppDelegate.swift */ = {isa = PBXFileReference; lastKnownFileType = sourcecode.swift; path = AppDelegate.swift; sourceTree = "<group>"; };
		8495A70C1DF6167800EC9B7C /* ViewController.swift */ = {isa = PBXFileReference; lastKnownFileType = sourcecode.swift; path = ViewController.swift; sourceTree = "<group>"; };
		8495A70F1DF6167800EC9B7C /* Base */ = {isa = PBXFileReference; lastKnownFileType = file.storyboard; name = Base; path = Base.lproj/Main.storyboard; sourceTree = "<group>"; };
		8495A7111DF6167800EC9B7C /* Assets.xcassets */ = {isa = PBXFileReference; lastKnownFileType = folder.assetcatalog; path = Assets.xcassets; sourceTree = "<group>"; };
		8495A7141DF6167800EC9B7C /* Base */ = {isa = PBXFileReference; lastKnownFileType = file.storyboard; name = Base; path = Base.lproj/LaunchScreen.storyboard; sourceTree = "<group>"; };
		8495A7161DF6167800EC9B7C /* Info.plist */ = {isa = PBXFileReference; lastKnownFileType = text.plist.xml; path = Info.plist; sourceTree = "<group>"; };
		8495A71B1DF6167800EC9B7C /* HamburguesasTests.xctest */ = {isa = PBXFileReference; explicitFileType = wrapper.cfbundle; includeInIndex = 0; path = HamburguesasTests.xctest; sourceTree = BUILT_PRODUCTS_DIR; };
		8495A71F1DF6167800EC9B7C /* HamburguesasTests.swift */ = {isa = PBXFileReference; lastKnownFileType = sourcecode.swift; path = HamburguesasTests.swift; sourceTree = "<group>"; };
		8495A7211DF6167800EC9B7C /* Info.plist */ = {isa = PBXFileReference; lastKnownFileType = text.plist.xml; path = Info.plist; sourceTree = "<group>"; };
		8495A7261DF6167800EC9B7C /* HamburguesasUITests.xctest */ = {isa = PBXFileReference; explicitFileType = wrapper.cfbundle; includeInIndex = 0; path = HamburguesasUITests.xctest; sourceTree = BUILT_PRODUCTS_DIR; };
		8495A72A1DF6167800EC9B7C /* HamburguesasUITests.swift */ = {isa = PBXFileReference; lastKnownFileType = sourcecode.swift; path = HamburguesasUITests.swift; sourceTree = "<group>"; };
		8495A72C1DF6167800EC9B7C /* Info.plist */ = {isa = PBXFileReference; lastKnownFileType = text.plist.xml; path = Info.plist; sourceTree = "<group>"; };
		8495A7381DF6174A00EC9B7C /* Datos.swift */ = {isa = PBXFileReference; fileEncoding = 4; lastKnownFileType = sourcecode.swift; path = Datos.swift; sourceTree = "<group>"; };
/* End PBXFileReference section */

/* Begin PBXFrameworksBuildPhase section */
		8495A7041DF6167800EC9B7C /* Frameworks */ = {
			isa = PBXFrameworksBuildPhase;
			buildActionMask = 2147483647;
			files = (
			);
			runOnlyForDeploymentPostprocessing = 0;
		};
		8495A7181DF6167800EC9B7C /* Frameworks */ = {
			isa = PBXFrameworksBuildPhase;
			buildActionMask = 2147483647;
			files = (
			);
			runOnlyForDeploymentPostprocessing = 0;
		};
		8495A7231DF6167800EC9B7C /* Frameworks */ = {
			isa = PBXFrameworksBuildPhase;
			buildActionMask = 2147483647;
			files = (
			);
			runOnlyForDeploymentPostprocessing = 0;
		};
/* End PBXFrameworksBuildPhase section */

/* Begin PBXGroup section */
		8495A6FE1DF6167800EC9B7C = {
			isa = PBXGroup;
			children = (
				8495A7091DF6167800EC9B7C /* Hamburguesas */,
				8495A71E1DF6167800EC9B7C /* HamburguesasTests */,
				8495A7291DF6167800EC9B7C /* HamburguesasUITests */,
				8495A7081DF6167800EC9B7C /* Products */,
			);
			sourceTree = "<group>";
		};
		8495A7081DF6167800EC9B7C /* Products */ = {
			isa = PBXGroup;
			children = (
				8495A7071DF6167800EC9B7C /* Hamburguesas.app */,
				8495A71B1DF6167800EC9B7C /* HamburguesasTests.xctest */,
				8495A7261DF6167800EC9B7C /* HamburguesasUITests.xctest */,
			);
			name = Products;
			sourceTree = "<group>";
		};
		8495A7091DF6167800EC9B7C /* Hamburguesas */ = {
			isa = PBXGroup;
			children = (
				8495A70A1DF6167800EC9B7C /* AppDelegate.swift */,
				8495A70C1DF6167800EC9B7C /* ViewController.swift */,
				8495A70E1DF6167800EC9B7C /* Main.storyboard */,
				8495A7111DF6167800EC9B7C /* Assets.xcassets */,
				8495A7131DF6167800EC9B7C /* LaunchScreen.storyboard */,
				8495A7161DF6167800EC9B7C /* Info.plist */,
				8495A7381DF6174A00EC9B7C /* Datos.swift */,
			);
			path = Hamburguesas;
			sourceTree = "<group>";
		};
		8495A71E1DF6167800EC9B7C /* HamburguesasTests */ = {
			isa = PBXGroup;
			children = (
				8495A71F1DF6167800EC9B7C /* HamburguesasTests.swift */,
				8495A7211DF6167800EC9B7C /* Info.plist */,
			);
			path = HamburguesasTests;
			sourceTree = "<group>";
		};
		8495A7291DF6167800EC9B7C /* HamburguesasUITests */ = {
			isa = PBXGroup;
			children = (
				8495A72A1DF6167800EC9B7C /* HamburguesasUITests.swift */,
				8495A72C1DF6167800EC9B7C /* Info.plist */,
			);
			path = HamburguesasUITests;
			sourceTree = "<group>";
		};
/* End PBXGroup section */

/* Begin PBXNativeTarget section */
		8495A7061DF6167800EC9B7C /* Hamburguesas */ = {
			isa = PBXNativeTarget;
			buildConfigurationList = 8495A72F1DF6167800EC9B7C /* Build configuration list for PBXNativeTarget "Hamburguesas" */;
			buildPhases = (
				8495A7031DF6167800EC9B7C /* Sources */,
				8495A7041DF6167800EC9B7C /* Frameworks */,
				8495A7051DF6167800EC9B7C /* Resources */,
			);
			buildRules = (
			);
			dependencies = (
			);
			name = Hamburguesas;
			productName = Hamburguesas;
			productReference = 8495A7071DF6167800EC9B7C /* Hamburguesas.app */;
			productType = "com.apple.product-type.application";
		};
		8495A71A1DF6167800EC9B7C /* HamburguesasTests */ = {
			isa = PBXNativeTarget;
			buildConfigurationList = 8495A7321DF6167800EC9B7C /* Build configuration list for PBXNativeTarget "HamburguesasTests" */;
			buildPhases = (
				8495A7171DF6167800EC9B7C /* Sources */,
				8495A7181DF6167800EC9B7C /* Frameworks */,
				8495A7191DF6167800EC9B7C /* Resources */,
			);
			buildRules = (
			);
			dependencies = (
				8495A71D1DF6167800EC9B7C /* PBXTargetDependency */,
			);
			name = HamburguesasTests;
			productName = HamburguesasTests;
			productReference = 8495A71B1DF6167800EC9B7C /* HamburguesasTests.xctest */;
			productType = "com.apple.product-type.bundle.unit-test";
		};
		8495A7251DF6167800EC9B7C /* HamburguesasUITests */ = {
			isa = PBXNativeTarget;
			buildConfigurationList = 8495A7351DF6167800EC9B7C /* Build configuration list for PBXNativeTarget "HamburguesasUITests" */;
			buildPhases = (
				8495A7221DF6167800EC9B7C /* Sources */,
				8495A7231DF6167800EC9B7C /* Frameworks */,
				8495A7241DF6167800EC9B7C /* Resources */,
			);
			buildRules = (
			);
			dependencies = (
				8495A7281DF6167800EC9B7C /* PBXTargetDependency */,
			);
			name = HamburguesasUITests;
			productName = HamburguesasUITests;
			productReference = 8495A7261DF6167800EC9B7C /* HamburguesasUITests.xctest */;
			productType = "com.apple.product-type.bundle.ui-testing";
		};
/* End PBXNativeTarget section */

/* Begin PBXProject section */
		8495A6FF1DF6167800EC9B7C /* Project object */ = {
			isa = PBXProject;
			attributes = {
				LastSwiftUpdateCheck = 0800;
				LastUpgradeCheck = 0800;
				ORGANIZATIONNAME = Admin;
				TargetAttributes = {
					8495A7061DF6167800EC9B7C = {
						CreatedOnToolsVersion = 8.0;
						ProvisioningStyle = Automatic;
					};
					8495A71A1DF6167800EC9B7C = {
						CreatedOnToolsVersion = 8.0;
						ProvisioningStyle = Automatic;
						TestTargetID = 8495A7061DF6167800EC9B7C;
					};
					8495A7251DF6167800EC9B7C = {
						CreatedOnToolsVersion = 8.0;
						ProvisioningStyle = Automatic;
						TestTargetID = 8495A7061DF6167800EC9B7C;
					};
				};
			};
			buildConfigurationList = 8495A7021DF6167800EC9B7C /* Build configuration list for PBXProject "Hamburguesas" */;
			compatibilityVersion = "Xcode 3.2";
			developmentRegion = English;
			hasScannedForEncodings = 0;
			knownRegions = (
				en,
				Base,
			);
			mainGroup = 8495A6FE1DF6167800EC9B7C;
			productRefGroup = 8495A7081DF6167800EC9B7C /* Products */;
			projectDirPath = "";
			projectRoot = "";
			targets = (
				8495A7061DF6167800EC9B7C /* Hamburguesas */,
				8495A71A1DF6167800EC9B7C /* HamburguesasTests */,
				8495A7251DF6167800EC9B7C /* HamburguesasUITests */,
			);
		};
/* End PBXProject section */

/* Begin PBXResourcesBuildPhase section */
		8495A7051DF6167800EC9B7C /* Resources */ = {
			isa = PBXResourcesBuildPhase;
			buildActionMask = 2147483647;
			files = (
				8495A7151DF6167800EC9B7C /* LaunchScreen.storyboard in Resources */,
				8495A7121DF6167800EC9B7C /* Assets.xcassets in Resources */,
				8495A7101DF6167800EC9B7C /* Main.storyboard in Resources */,
			);
			runOnlyForDeploymentPostprocessing = 0;
		};
		8495A7191DF6167800EC9B7C /* Resources */ = {
			isa = PBXResourcesBuildPhase;
			buildActionMask = 2147483647;
			files = (
			);
			runOnlyForDeploymentPostprocessing = 0;
		};
		8495A7241DF6167800EC9B7C /* Resources */ = {
			isa = PBXResourcesBuildPhase;
			buildActionMask = 2147483647;
			files = (
			);
			runOnlyForDeploymentPostprocessing = 0;
		};
/* End PBXResourcesBuildPhase section */

/* Begin PBXSourcesBuildPhase section */
		8495A7031DF6167800EC9B7C /* Sources */ = {
			isa = PBXSourcesBuildPhase;
			buildActionMask = 2147483647;
			files = (
				8495A70D1DF6167800EC9B7C /* ViewController.swift in Sources */,
				8495A70B1DF6167800EC9B7C /* AppDelegate.swift in Sources */,
				8495A7391DF6174A00EC9B7C /* Datos.swift in Sources */,
			);
			runOnlyForDeploymentPostprocessing = 0;
		};
		8495A7171DF6167800EC9B7C /* Sources */ = {
			isa = PBXSourcesBuildPhase;
			buildActionMask = 2147483647;
			files = (
				8495A7201DF6167800EC9B7C /* HamburguesasTests.swift in Sources */,
			);
			runOnlyForDeploymentPostprocessing = 0;
		};
		8495A7221DF6167800EC9B7C /* Sources */ = {
			isa = PBXSourcesBuildPhase;
			buildActionMask = 2147483647;
			files = (
				8495A72B1DF6167800EC9B7C /* HamburguesasUITests.swift in Sources */,
			);
			runOnlyForDeploymentPostprocessing = 0;
		};
/* End PBXSourcesBuildPhase section */

/* Begin PBXTargetDependency section */
		8495A71D1DF6167800EC9B7C /* PBXTargetDependency */ = {
			isa = PBXTargetDependency;
			target = 8495A7061DF6167800EC9B7C /* Hamburguesas */;
			targetProxy = 8495A71C1DF6167800EC9B7C /* PBXContainerItemProxy */;
		};
		8495A7281DF6167800EC9B7C /* PBXTargetDependency */ = {
			isa = PBXTargetDependency;
			target = 8495A7061DF6167800EC9B7C /* Hamburguesas */;
			targetProxy = 8495A7271DF6167800EC9B7C /* PBXContainerItemProxy */;
		};
/* End PBXTargetDependency section */

/* Begin PBXVariantGroup section */
		8495A70E1DF6167800EC9B7C /* Main.storyboard */ = {
			isa = PBXVariantGroup;
			children = (
				8495A70F1DF6167800EC9B7C /* Base */,
			);
			name = Main.storyboard;
			sourceTree = "<group>";
		};
		8495A7131DF6167800EC9B7C /* LaunchScreen.storyboard */ = {
			isa = PBXVariantGroup;
			children = (
				8495A7141DF6167800EC9B7C /* Base */,
			);
			name = LaunchScreen.storyboard;
			sourceTree = "<group>";
		};
/* End PBXVariantGroup section */

/* Begin XCBuildConfiguration section */
		8495A72D1DF6167800EC9B7C /* Debug */ = {
			isa = XCBuildConfiguration;
			buildSettings = {
				ALWAYS_SEARCH_USER_PATHS = NO;
				CLANG_ANALYZER_NONNULL = YES;
				CLANG_CXX_LANGUAGE_STANDARD = "gnu++0x";
				CLANG_CXX_LIBRARY = "libc++";
				CLANG_ENABLE_MODULES = YES;
				CLANG_ENABLE_OBJC_ARC = YES;
				CLANG_WARN_BOOL_CONVERSION = YES;
				CLANG_WARN_CONSTANT_CONVERSION = YES;
				CLANG_WARN_DIRECT_OBJC_ISA_USAGE = YES_ERROR;
				CLANG_WARN_DOCUMENTATION_COMMENTS = YES;
				CLANG_WARN_EMPTY_BODY = YES;
				CLANG_WARN_ENUM_CONVERSION = YES;
				CLANG_WARN_INFINITE_RECURSION = YES;
				CLANG_WARN_INT_CONVERSION = YES;
				CLANG_WARN_OBJC_ROOT_CLASS = YES_ERROR;
				CLANG_WARN_SUSPICIOUS_MOVES = YES;
				CLANG_WARN_UNREACHABLE_CODE = YES;
				CLANG_WARN__DUPLICATE_METHOD_MATCH = YES;
				"CODE_SIGN_IDENTITY[sdk=iphoneos*]" = "iPhone Developer";
				COPY_PHASE_STRIP = NO;
				DEBUG_INFORMATION_FORMAT = dwarf;
				ENABLE_STRICT_OBJC_MSGSEND = YES;
				ENABLE_TESTABILITY = YES;
				GCC_C_LANGUAGE_STANDARD = gnu99;
				GCC_DYNAMIC_NO_PIC = NO;
				GCC_NO_COMMON_BLOCKS = YES;
				GCC_OPTIMIZATION_LEVEL = 0;
				GCC_PREPROCESSOR_DEFINITIONS = (
					"DEBUG=1",
					"$(inherited)",
				);
				GCC_WARN_64_TO_32_BIT_CONVERSION = YES;
				GCC_WARN_ABOUT_RETURN_TYPE = YES_ERROR;
				GCC_WARN_UNDECLARED_SELECTOR = YES;
				GCC_WARN_UNINITIALIZED_AUTOS = YES_AGGRESSIVE;
				GCC_WARN_UNUSED_FUNCTION = YES;
				GCC_WARN_UNUSED_VARIABLE = YES;
				IPHONEOS_DEPLOYMENT_TARGET = 10.0;
				MTL_ENABLE_DEBUG_INFO = YES;
				ONLY_ACTIVE_ARCH = YES;
				SDKROOT = iphoneos;
				SWIFT_ACTIVE_COMPILATION_CONDITIONS = DEBUG;
				SWIFT_OPTIMIZATION_LEVEL = "-Onone";
				TARGETED_DEVICE_FAMILY = "1,2";
			};
			name = Debug;
		};
		8495A72E1DF6167800EC9B7C /* Release */ = {
			isa = XCBuildConfiguration;
			buildSettings = {
				ALWAYS_SEARCH_USER_PATHS = NO;
				CLANG_ANALYZER_NONNULL = YES;
				CLANG_CXX_LANGUAGE_STANDARD = "gnu++0x";
				CLANG_CXX_LIBRARY = "libc++";
				CLANG_ENABLE_MODULES = YES;
				CLANG_ENABLE_OBJC_ARC = YES;
				CLANG_WARN_BOOL_CONVERSION = YES;
				CLANG_WARN_CONSTANT_CONVERSION = YES;
				CLANG_WARN_DIRECT_OBJC_ISA_USAGE = YES_ERROR;
				CLANG_WARN_DOCUMENTATION_COMMENTS = YES;
				CLANG_WARN_EMPTY_BODY = YES;
				CLANG_WARN_ENUM_CONVERSION = YES;
				CLANG_WARN_INFINITE_RECURSION = YES;
				CLANG_WARN_INT_CONVERSION = YES;
				CLANG_WARN_OBJC_ROOT_CLASS = YES_ERROR;
				CLANG_WARN_SUSPICIOUS_MOVES = YES;
				CLANG_WARN_UNREACHABLE_CODE = YES;
				CLANG_WARN__DUPLICATE_METHOD_MATCH = YES;
				"CODE_SIGN_IDENTITY[sdk=iphoneos*]" = "iPhone Developer";
				COPY_PHASE_STRIP = NO;
				DEBUG_INFORMATION_FORMAT = "dwarf-with-dsym";
				ENABLE_NS_ASSERTIONS = NO;
				ENABLE_STRICT_OBJC_MSGSEND = YES;
				GCC_C_LANGUAGE_STANDARD = gnu99;
				GCC_NO_COMMON_BLOCKS = YES;
				GCC_WARN_64_TO_32_BIT_CONVERSION = YES;
				GCC_WARN_ABOUT_RETURN_TYPE = YES_ERROR;
				GCC_WARN_UNDECLARED_SELECTOR = YES;
				GCC_WARN_UNINITIALIZED_AUTOS = YES_AGGRESSIVE;
				GCC_WARN_UNUSED_FUNCTION = YES;
				GCC_WARN_UNUSED_VARIABLE = YES;
				IPHONEOS_DEPLOYMENT_TARGET = 10.0;
				MTL_ENABLE_DEBUG_INFO = NO;
				SDKROOT = iphoneos;
				SWIFT_OPTIMIZATION_LEVEL = "-Owholemodule";
				TARGETED_DEVICE_FAMILY = "1,2";
				VALIDATE_PRODUCT = YES;
			};
			name = Release;
		};
		8495A7301DF6167800EC9B7C /* Debug */ = {
			isa = XCBuildConfiguration;
			buildSettings = {
				ASSETCATALOG_COMPILER_APPICON_NAME = AppIcon;
				INFOPLIST_FILE = Hamburguesas/Info.plist;
				LD_RUNPATH_SEARCH_PATHS = "$(inherited) @executable_path/Frameworks";
				PRODUCT_BUNDLE_IDENTIFIER = luis.Hamburguesas;
				PRODUCT_NAME = "$(TARGET_NAME)";
				SWIFT_VERSION = 3.0;
			};
			name = Debug;
		};
		8495A7311DF6167800EC9B7C /* Release */ = {
			isa = XCBuildConfiguration;
			buildSettings = {
				ASSETCATALOG_COMPILER_APPICON_NAME = AppIcon;
				INFOPLIST_FILE = Hamburguesas/Info.plist;
				LD_RUNPATH_SEARCH_PATHS = "$(inherited) @executable_path/Frameworks";
				PRODUCT_BUNDLE_IDENTIFIER = luis.Hamburguesas;
				PRODUCT_NAME = "$(TARGET_NAME)";
				SWIFT_VERSION = 3.0;
			};
			name = Release;
		};
		8495A7331DF6167800EC9B7C /* Debug */ = {
			isa = XCBuildConfiguration;
			buildSettings = {
				ALWAYS_EMBED_SWIFT_STANDARD_LIBRARIES = YES;
				BUNDLE_LOADER = "$(TEST_HOST)";
				INFOPLIST_FILE = HamburguesasTests/Info.plist;
				LD_RUNPATH_SEARCH_PATHS = "$(inherited) @executable_path/Frameworks @loader_path/Frameworks";
				PRODUCT_BUNDLE_IDENTIFIER = luis.HamburguesasTests;
				PRODUCT_NAME = "$(TARGET_NAME)";
				SWIFT_VERSION = 3.0;
				TEST_HOST = "$(BUILT_PRODUCTS_DIR)/Hamburguesas.app/Hamburguesas";
			};
			name = Debug;
		};
		8495A7341DF6167800EC9B7C /* Release */ = {
			isa = XCBuildConfiguration;
			buildSettings = {
				ALWAYS_EMBED_SWIFT_STANDARD_LIBRARIES = YES;
				BUNDLE_LOADER = "$(TEST_HOST)";
				INFOPLIST_FILE = HamburguesasTests/Info.plist;
				LD_RUNPATH_SEARCH_PATHS = "$(inherited) @executable_path/Frameworks @loader_path/Frameworks";
				PRODUCT_BUNDLE_IDENTIFIER = luis.HamburguesasTests;
				PRODUCT_NAME = "$(TARGET_NAME)";
				SWIFT_VERSION = 3.0;
				TEST_HOST = "$(BUILT_PRODUCTS_DIR)/Hamburguesas.app/Hamburguesas";
			};
			name = Release;
		};
		8495A7361DF6167800EC9B7C /* Debug */ = {
			isa = XCBuildConfiguration;
			buildSettings = {
				ALWAYS_EMBED_SWIFT_STANDARD_LIBRARIES = YES;
				INFOPLIST_FILE = HamburguesasUITests/Info.plist;
				LD_RUNPATH_SEARCH_PATHS = "$(inherited) @executable_path/Frameworks @loader_path/Frameworks";
				PRODUCT_BUNDLE_IDENTIFIER = luis.HamburguesasUITests;
				PRODUCT_NAME = "$(TARGET_NAME)";
				SWIFT_VERSION = 3.0;
				TEST_TARGET_NAME = Hamburguesas;
			};
			name = Debug;
		};
		8495A7371DF6167800EC9B7C /* Release */ = {
			isa = XCBuildConfiguration;
			buildSettings = {
				ALWAYS_EMBED_SWIFT_STANDARD_LIBRARIES = YES;
				INFOPLIST_FILE = HamburguesasUITests/Info.plist;
				LD_RUNPATH_SEARCH_PATHS = "$(inherited) @executable_path/Frameworks @loader_path/Frameworks";
				PRODUCT_BUNDLE_IDENTIFIER = luis.HamburguesasUITests;
				PRODUCT_NAME = "$(TARGET_NAME)";
				SWIFT_VERSION = 3.0;
				TEST_TARGET_NAME = Hamburguesas;
			};
			name = Release;
		};
/* End XCBuildConfiguration section */

/* Begin XCConfigurationList section */
		8495A7021DF6167800EC9B7C /* Build configuration list for PBXProject "Hamburguesas" */ = {
			isa = XCConfigurationList;
			buildConfigurations = (
				8495A72D1DF6167800EC9B7C /* Debug */,
				8495A72E1DF6167800EC9B7C /* Release */,
			);
			defaultConfigurationIsVisible = 0;
			defaultConfigurationName = Release;
		};
		8495A72F1DF6167800EC9B7C /* Build configuration list for PBXNativeTarget "Hamburguesas" */ = {
			isa = XCConfigurationList;
			buildConfigurations = (
				8495A7301DF6167800EC9B7C /* Debug */,
				8495A7311DF6167800EC9B7C /* Release */,
			);
			defaultConfigurationIsVisible = 0;
		};
		8495A7321DF6167800EC9B7C /* Build configuration list for PBXNativeTarget "HamburguesasTests" */ = {
			isa = XCConfigurationList;
			buildConfigurations = (
				8495A7331DF6167800EC9B7C /* Debug */,
				8495A7341DF6167800EC9B7C /* Release */,
			);
			defaultConfigurationIsVisible = 0;
		};
		8495A7351DF6167800EC9B7C /* Build configuration list for PBXNativeTarget "HamburguesasUITests" */ = {
			isa = XCConfigurationList;
			buildConfigurations = (
				8495A7361DF6167800EC9B7C /* Debug */,
				8495A7371DF6167800EC9B7C /* Release */,
			);
			defaultConfigurationIsVisible = 0;
		};
/* End XCConfigurationList section */
	};
	rootObject = 8495A6FF1DF6167800EC9B7C /* Project object */;
}
